{
  "nodes": {
    "flake-utils": {
      "locked": {
        "lastModified": 1623875721,
        "narHash": "sha256-A8BU7bjS5GirpAUv4QA+QnJ4CceLHkcXdRp4xITDB0s=",
        "owner": "numtide",
        "repo": "flake-utils",
        "rev": "f7e004a55b120c02ecb6219596820fcd32ca8772",
        "type": "github"
      },
      "original": {
        "owner": "numtide",
        "repo": "flake-utils",
        "type": "github"
      }
    },
    "home-manager": {
      "inputs": {
        "nixpkgs": "nixpkgs"
      },
      "locked": {
        "lastModified": 1634230035,
        "narHash": "sha256-tS0dyWxVgb79Jk8elMthWv/oycj/Q4HHDoNL5V43kz8=",
        "owner": "nix-community",
        "repo": "home-manager",
        "rev": "309808afbc2a07e340067f66029a4202b4c4b959",
        "type": "github"
      },
      "original": {
        "owner": "nix-community",
        "ref": "master",
        "repo": "home-manager",
        "type": "github"
      }
    },
    "nixos-cn": {
      "inputs": {
        "flake-utils": "flake-utils",
        "nixpkgs": [
          "nixpkgs"
        ]
      },
      "locked": {
        "lastModified": 1633741548,
        "narHash": "sha256-9z8fFmPG0oGkf2U+e75dSu7KwsPhXQRAe9RQB2bzH/I=",
        "owner": "nixos-cn",
        "repo": "flakes",
        "rev": "a04ba87690b8dc102b47ff4986dcb6b5915ec349",
        "type": "github"
      },
      "original": {
        "owner": "nixos-cn",
        "repo": "flakes",
        "type": "github"
      }
    },
    "nixos-hardware": {
      "locked": {
        "lastModified": 1633793047,
        "narHash": "sha256-XSMlHMVPKwcEqyHGdFj/ZeGMeZeKNwVExOfLlxcg4oE=",
        "owner": "NixOS",
        "repo": "nixos-hardware",
        "rev": "3aabf78bfcae62f5f99474f2ebbbe418f1c6e54f",
        "type": "github"
      },
      "original": {
        "owner": "NixOS",
        "ref": "master",
        "repo": "nixos-hardware",
        "type": "github"
      }
    },
    "nixpkgs": {
      "locked": {
        "lastModified": 1633796375,
        "narHash": "sha256-ud7swRUPEAqViSBbxcEm1yiKEFJrP1cO1bX69W0OF0g=",
        "owner": "NixOS",
        "repo": "nixpkgs",
        "rev": "df315b7b80a1067bb1789a6e78eff98413d84c52",
        "type": "github"
      },
      "original": {
        "id": "nixpkgs",
        "type": "indirect"
      }
    },
    "nixpkgs_2": {
      "locked": {
        "lastModified": 1634172192,
        "narHash": "sha256-FBF4U/T+bMg4sEyT/zkgasvVquGzgdAf4y8uCosKMmo=",
        "owner": "nixos",
        "repo": "nixpkgs",
        "rev": "2cf9db0e3d45b9d00f16f2836cb1297bcadc475e",
        "type": "github"
      },
      "original": {
        "owner": "nixos",
        "ref": "nixos-unstable",
        "repo": "nixpkgs",
        "type": "github"
      }
    },
    "root": {
      "inputs": {
        "home-manager": "home-manager",
        "nixos-cn": "nixos-cn",
        "nixos-hardware": "nixos-hardware",
        "nixpkgs": "nixpkgs_2"
      }
    }
  },
  "root": "root",
  "version": 7
}
